
Microsoft Visual Studio Solution File, Format Version 12.00
# Visual Studio Version 17
VisualStudioVersion = 17.0.31611.283
MinimumVisualStudioVersion = 10.0.40219.1
Project("{9A19103F-16F7-4668-BE54-9A1E7A4F7556}") = "Dispatcher", "Dispatcher\Dispatcher.csproj", "{5D7183F9-18A2-483D-82B5-2EAD0850884D}"
EndProject
Project("{FAE04EC0-301F-11D3-BF4B-00C04F79EFBC}") = "BaseLib", "BaseLib\BaseLib.csproj", "{475ECC6A-73F0-4854-8C89-E0266D310469}"
EndProject
Project("{FAE04EC0-301F-11D3-BF4B-00C04F79EFBC}") = "BaseDataMap", "BaseDataMap\BaseDataMap.csproj", "{595BA0D5-18EB-425C-8C8C-56CBEBA81AFE}"
EndProject
Global
	GlobalSection(SolutionConfigurationPlatforms) = preSolution
		Debug|Any CPU = Debug|Any CPU
		Release|Any CPU = Release|Any CPU
	EndGlobalSection
	GlobalSection(ProjectConfigurationPlatforms) = postSolution
		{5D7183F9-18A2-483D-82B5-2EAD0850884D}.Debug|Any CPU.ActiveCfg = Debug|Any CPU
		{5D7183F9-18A2-483D-82B5-2EAD0850884D}.Debug|Any CPU.Build.0 = Debug|Any CPU
		{5D7183F9-18A2-483D-82B5-2EAD0850884D}.Debug|Any CPU.Deploy.0 = Debug|Any CPU
		{5D7183F9-18A2-483D-82B5-2EAD0850884D}.Release|Any CPU.ActiveCfg = Release|Any CPU
		{5D7183F9-18A2-483D-82B5-2EAD0850884D}.Release|Any CPU.Build.0 = Release|Any CPU
		{5D7183F9-18A2-483D-82B5-2EAD0850884D}.Release|Any CPU.Deploy.0 = Release|Any CPU
		{475ECC6A-73F0-4854-8C89-E0266D310469}.Debug|Any CPU.ActiveCfg = Debug|Any CPU
		{475ECC6A-73F0-4854-8C89-E0266D310469}.Debug|Any CPU.Build.0 = Debug|Any CPU
		{475ECC6A-73F0-4854-8C89-E0266D310469}.Release|Any CPU.ActiveCfg = Release|Any CPU
		{475ECC6A-73F0-4854-8C89-E0266D310469}.Release|Any CPU.Build.0 = Release|Any CPU
		{595BA0D5-18EB-425C-8C8C-56CBEBA81AFE}.Debug|Any CPU.ActiveCfg = Debug|Any CPU
		{595BA0D5-18EB-425C-8C8C-56CBEBA81AFE}.Debug|Any CPU.Build.0 = Debug|Any CPU
		{595BA0D5-18EB-425C-8C8C-56CBEBA81AFE}.Release|Any CPU.ActiveCfg = Release|Any CPU
		{595BA0D5-18EB-425C-8C8C-56CBEBA81AFE}.Release|Any CPU.Build.0 = Release|Any CPU
	EndGlobalSection
	GlobalSection(SolutionProperties) = preSolution
		HideSolutionNode = FALSE
	EndGlobalSection
	GlobalSection(ExtensibilityGlobals) = postSolution
		SolutionGuid = {61F7FB11-1E47-470C-91E2-47F8143E1572}
	EndGlobalSection
EndGlobal
